github.com/bmuschko/calc v1.0.0 h1:tGKECijImegngfK6YkHDb0RISfIFyDz9J74UkmG0fZE=
github.com/bmuschko/calc v1.0.0/go.mod h1:Nfj2LdL0YqU95zI2PCWaNrsGtB9tuIUj66OrrA7oynE=
github.com/bmuschko/calc/v2 v2.0.0 h1:aOcgu9iJ1EScAarDNJpoApTQ8+1htJohmZBqV+MrKak=
github.com/bmuschko/calc/v2 v2.0.0/go.mod h1:CX2W8NBoVgG/Tkb90K/S0ixVX7Xeu5NgPesZMNjCQBs=
github.com/davecgh/go-spew v1.1.1 h1:vj9j/u1bqnvCEfJOwUhtlOARqs3+rkHYY13jYWTU97c=
github.com/davecgh/go-spew v1.1.1/go.mod h1:J7Y8YcW2NihsgmVo/mv3lAwl/skON4iLHjSsI+c5H38=
github.com/inanme/counter v0.0.3-0.20200813125900-440b3a517eae h1:g+qu8ooY2CJoxtt4Rv+s70fQHIH3bB5276YFoDDHQLM=
github.com/inanme/counter v0.0.3-0.20200813125900-440b3a517eae/go.mod h1:gVfH2wujKwGKQfqLd0VcH9lEpMRtptIEVWd+DJeIxIU=
github.com/inanme/counter2/f1 v0.1.1 h1:WfIVTItuRCaPxVVTwwpg+vHY/4RdtdFmgO/7CI7F9YE=
github.com/inanme/counter2/f1 v0.1.1/go.mod h1:5kC/fik0Itp2ubZ1kpyY1D6OpOnCXtq4mrHRqXG6wD0=
github.com/inanme/counter2/f2 v0.1.1 h1:DRC67yddmfu3bsVdSwizRapK4ji+f3dUjIDZcC/uDmY=
github.com/inanme/counter2/f2 v0.1.1/go.mod h1:Qx2t76cFkeMBG++47uZq3COAhI3lR/MdRG0MDYJhbXg=
github.com/pmezard/go-difflib v1.0.0 h1:4DBwDE0NGyQoBHbLQYPwSUPoCMWR5BEzIk/f1lZbAQM=
github.com/pmezard/go-difflib v1.0.0/go.mod h1:iKH77koFhYxTK1pcRnkKkqfTogsbg7gZNVY4sRDYZ/4=
github.com/stretchr/testify v1.8.4 h1:CcVxjf3Q8PM0mHUKJCdn+eZZtm5yQwehR5yeSVQQcUk=
github.com/stretchr/testify v1.8.4/go.mod h1:sz/lmYIOXD/1dqDmKjjqLyZ2RngseejIcXlSw2iwfAo=
gopkg.in/check.v1 v0.0.0-20161208181325-20d25e280405 h1:yhCVgyC4o1eVCa2tZl7eS0r+SDo693bJlVdllGtEeKM=
gopkg.in/check.v1 v0.0.0-20161208181325-20d25e280405/go.mod h1:Co6ibVJAznAaIkqp8huTwlJQCZ016jof/cbN4VW5Yz0=
gopkg.in/yaml.v3 v3.0.1 h1:fxVm/GzAzEWqLHuvctI91KS9hhNmmWOoWu0XTYJS7CA=
gopkg.in/yaml.v3 v3.0.1/go.mod h1:K4uyk7z7BCEPqu6E+C64Yfv1cQ7kz7rIZviUmN+EgEM=
